
Microsoft Visual Studio Solution File, Format Version 12.00
# Visual Studio Version 17
VisualStudioVersion = 17.11.35327.3
MinimumVisualStudioVersion = 10.0.40219.1
Project("{FAE04EC0-301F-11D3-BF4B-00C04F79EFBC}") = "BaiTap_2024_09_04", "BaiTap_2024_09_04.csproj", "{AEA638FB-2DE6-476D-A7E2-2659A205F2CB}"
EndProject
Global
	GlobalSection(SolutionConfigurationPlatforms) = preSolution
		Debug|Any CPU = Debug|Any CPU
		Release|Any CPU = Release|Any CPU
	EndGlobalSection
	GlobalSection(ProjectConfigurationPlatforms) = postSolution
		{AEA638FB-2DE6-476D-A7E2-2659A205F2CB}.Debug|Any CPU.ActiveCfg = Debug|Any CPU
		{AEA638FB-2DE6-476D-A7E2-2659A205F2CB}.Debug|Any CPU.Build.0 = Debug|Any CPU
		{AEA638FB-2DE6-476D-A7E2-2659A205F2CB}.Release|Any CPU.ActiveCfg = Release|Any CPU
		{AEA638FB-2DE6-476D-A7E2-2659A205F2CB}.Release|Any CPU.Build.0 = Release|Any CPU
	EndGlobalSection
	GlobalSection(SolutionProperties) = preSolution
		HideSolutionNode = FALSE
	EndGlobalSection
	GlobalSection(ExtensibilityGlobals) = postSolution
		SolutionGuid = {D128537F-8CED-47BF-9A2C-C7C3385AD698}
	EndGlobalSection
EndGlobal
