
Microsoft Visual Studio Solution File, Format Version 12.00
# Visual Studio Version 17
VisualStudioVersion = 17.11.35327.3
MinimumVisualStudioVersion = 10.0.40219.1
Project("{FAE04EC0-301F-11D3-BF4B-00C04F79EFBC}") = "BaiKiemTra", "BaiKiemTra.csproj", "{16D31280-F204-42FA-8C33-A3D6A3E8A8C3}"
EndProject
Global
	GlobalSection(SolutionConfigurationPlatforms) = preSolution
		Debug|Any CPU = Debug|Any CPU
		Release|Any CPU = Release|Any CPU
	EndGlobalSection
	GlobalSection(ProjectConfigurationPlatforms) = postSolution
		{16D31280-F204-42FA-8C33-A3D6A3E8A8C3}.Debug|Any CPU.ActiveCfg = Debug|Any CPU
		{16D31280-F204-42FA-8C33-A3D6A3E8A8C3}.Debug|Any CPU.Build.0 = Debug|Any CPU
		{16D31280-F204-42FA-8C33-A3D6A3E8A8C3}.Release|Any CPU.ActiveCfg = Release|Any CPU
		{16D31280-F204-42FA-8C33-A3D6A3E8A8C3}.Release|Any CPU.Build.0 = Release|Any CPU
	EndGlobalSection
	GlobalSection(SolutionProperties) = preSolution
		HideSolutionNode = FALSE
	EndGlobalSection
	GlobalSection(ExtensibilityGlobals) = postSolution
		SolutionGuid = {A4F0CCAA-0BAD-4128-925B-BEA9938782CD}
	EndGlobalSection
EndGlobal
