
Microsoft Visual Studio Solution File, Format Version 12.00
# Visual Studio Version 17
VisualStudioVersion = 17.11.35327.3
MinimumVisualStudioVersion = 10.0.40219.1
Project("{FAE04EC0-301F-11D3-BF4B-00C04F79EFBC}") = "Product", "Product.csproj", "{C5ABF490-E189-4145-A0FC-7C8B5E5B872B}"
EndProject
Global
	GlobalSection(SolutionConfigurationPlatforms) = preSolution
		Debug|Any CPU = Debug|Any CPU
		Release|Any CPU = Release|Any CPU
	EndGlobalSection
	GlobalSection(ProjectConfigurationPlatforms) = postSolution
		{C5ABF490-E189-4145-A0FC-7C8B5E5B872B}.Debug|Any CPU.ActiveCfg = Debug|Any CPU
		{C5ABF490-E189-4145-A0FC-7C8B5E5B872B}.Debug|Any CPU.Build.0 = Debug|Any CPU
		{C5ABF490-E189-4145-A0FC-7C8B5E5B872B}.Release|Any CPU.ActiveCfg = Release|Any CPU
		{C5ABF490-E189-4145-A0FC-7C8B5E5B872B}.Release|Any CPU.Build.0 = Release|Any CPU
	EndGlobalSection
	GlobalSection(SolutionProperties) = preSolution
		HideSolutionNode = FALSE
	EndGlobalSection
	GlobalSection(ExtensibilityGlobals) = postSolution
		SolutionGuid = {2F1068C8-ED2D-40DC-B241-2473773EBC50}
	EndGlobalSection
EndGlobal
