
Microsoft Visual Studio Solution File, Format Version 12.00
# Visual Studio Version 17
VisualStudioVersion = 17.11.35327.3
MinimumVisualStudioVersion = 10.0.40219.1
Project("{9A19103F-16F7-4668-BE54-9A1E7A4F7556}") = "BaiTap_2024_10_23_FormAddNewProduct", "BaiTap_2024_10_23_FormAddNewProduct\BaiTap_2024_10_23_FormAddNewProduct.csproj", "{7D6D99D7-A6EB-467A-8860-02911833FD6D}"
EndProject
Global
	GlobalSection(SolutionConfigurationPlatforms) = preSolution
		Debug|Any CPU = Debug|Any CPU
		Release|Any CPU = Release|Any CPU
	EndGlobalSection
	GlobalSection(ProjectConfigurationPlatforms) = postSolution
		{7D6D99D7-A6EB-467A-8860-02911833FD6D}.Debug|Any CPU.ActiveCfg = Debug|Any CPU
		{7D6D99D7-A6EB-467A-8860-02911833FD6D}.Debug|Any CPU.Build.0 = Debug|Any CPU
		{7D6D99D7-A6EB-467A-8860-02911833FD6D}.Release|Any CPU.ActiveCfg = Release|Any CPU
		{7D6D99D7-A6EB-467A-8860-02911833FD6D}.Release|Any CPU.Build.0 = Release|Any CPU
	EndGlobalSection
	GlobalSection(SolutionProperties) = preSolution
		HideSolutionNode = FALSE
	EndGlobalSection
	GlobalSection(ExtensibilityGlobals) = postSolution
		SolutionGuid = {142D2B48-9679-427B-8078-1D3965D5B547}
	EndGlobalSection
EndGlobal
