
Microsoft Visual Studio Solution File, Format Version 12.00
# Visual Studio Version 17
VisualStudioVersion = 17.11.35327.3
MinimumVisualStudioVersion = 10.0.40219.1
Project("{FAE04EC0-301F-11D3-BF4B-00C04F79EFBC}") = "Shopping", "Shopping.csproj", "{3DE848B4-F1EA-41A1-94DC-524F2B8A6CF4}"
EndProject
Global
	GlobalSection(SolutionConfigurationPlatforms) = preSolution
		Debug|Any CPU = Debug|Any CPU
		Release|Any CPU = Release|Any CPU
	EndGlobalSection
	GlobalSection(ProjectConfigurationPlatforms) = postSolution
		{3DE848B4-F1EA-41A1-94DC-524F2B8A6CF4}.Debug|Any CPU.ActiveCfg = Debug|Any CPU
		{3DE848B4-F1EA-41A1-94DC-524F2B8A6CF4}.Debug|Any CPU.Build.0 = Debug|Any CPU
		{3DE848B4-F1EA-41A1-94DC-524F2B8A6CF4}.Release|Any CPU.ActiveCfg = Release|Any CPU
		{3DE848B4-F1EA-41A1-94DC-524F2B8A6CF4}.Release|Any CPU.Build.0 = Release|Any CPU
	EndGlobalSection
	GlobalSection(SolutionProperties) = preSolution
		HideSolutionNode = FALSE
	EndGlobalSection
	GlobalSection(ExtensibilityGlobals) = postSolution
		SolutionGuid = {2F2AB9EB-110C-4F56-8971-9990B7E6213B}
	EndGlobalSection
EndGlobal
